
Microsoft Visual Studio Solution File, Format Version 12.00
# Visual Studio 15
VisualStudioVersion = 15.0.28307.489
MinimumVisualStudioVersion = 10.0.40219.1
Project("{FAE04EC0-301F-11D3-BF4B-00C04F79EFBC}") = "TimeTracker", "TimeTracker\TimeTracker.csproj", "{B577CF77-6847-47F0-90FB-154D47486B96}"
EndProject
Global
	GlobalSection(SolutionConfigurationPlatforms) = preSolution
		Debug|Any CPU = Debug|Any CPU
		Release|Any CPU = Release|Any CPU
	EndGlobalSection
	GlobalSection(ProjectConfigurationPlatforms) = postSolution
		{B577CF77-6847-47F0-90FB-154D47486B96}.Debug|Any CPU.ActiveCfg = Debug|Any CPU
		{B577CF77-6847-47F0-90FB-154D47486B96}.Debug|Any CPU.Build.0 = Debug|Any CPU
		{B577CF77-6847-47F0-90FB-154D47486B96}.Release|Any CPU.ActiveCfg = Release|Any CPU
		{B577CF77-6847-47F0-90FB-154D47486B96}.Release|Any CPU.Build.0 = Release|Any CPU
	EndGlobalSection
	GlobalSection(SolutionProperties) = preSolution
		HideSolutionNode = FALSE
	EndGlobalSection
	GlobalSection(ExtensibilityGlobals) = postSolution
		SolutionGuid = {C33B9E9A-BF81-4593-BC9F-459EBEBC9E35}
	EndGlobalSection
EndGlobal
